
Microsoft Visual Studio Solution File, Format Version 12.00
# Visual Studio Version 17
VisualStudioVersion = 17.13.35806.99
MinimumVisualStudioVersion = 10.0.40219.1
Project("{2150E333-8FDC-42A3-9474-1A3956D46DE8}") = "Gateway", "Gateway", "{4932C7E4-3EAF-451E-9485-914B3F6FAB56}"
EndProject
Project("{2150E333-8FDC-42A3-9474-1A3956D46DE8}") = "Integration", "Integration", "{CF161ECA-D413-4063-A9E5-99188EEC9E8C}"
EndProject
Project("{2150E333-8FDC-42A3-9474-1A3956D46DE8}") = "Services", "Services", "{CB446569-D1B5-48E6-8179-4F23445AC91A}"
EndProject
Project("{FAE04EC0-301F-11D3-BF4B-00C04F79EFBC}") = "Mango.Services.CouponAPI", "Mango.Services.CouponAPI\Mango.Services.CouponAPI.csproj", "{A98647E1-658F-43F3-81DF-1440D05A4287}"
EndProject
Project("{2150E333-8FDC-42A3-9474-1A3956D46DE8}") = "Build", "Build", "{EF66BE46-71F8-4A04-AE75-B5CDFCDCF792}"
	ProjectSection(SolutionItems) = preProject
		watch-all.ps1 = watch-all.ps1
	EndProjectSection
EndProject
Project("{FAE04EC0-301F-11D3-BF4B-00C04F79EFBC}") = "Mango.Services.AuthAPI", "Mango.Services.AuthAPI\Mango.Services.AuthAPI.csproj", "{C95259A6-780C-4246-90DD-A1FC8CEF1C5F}"
EndProject
Project("{FAE04EC0-301F-11D3-BF4B-00C04F79EFBC}") = "Mango.Services.ProductAPI", "Mango.Services.ProductAPI\Mango.Services.ProductAPI.csproj", "{66311159-5174-42A8-ACBA-C02EAC7CA4AF}"
EndProject
Project("{FAE04EC0-301F-11D3-BF4B-00C04F79EFBC}") = "Mango.Services.ShoppingCartAPI", "Mango.Services.ShoppingCartAPI\Mango.Services.ShoppingCartAPI.csproj", "{0123A399-30E0-41DD-B651-D79A4ACEF8A2}"
EndProject
Project("{FAE04EC0-301F-11D3-BF4B-00C04F79EFBC}") = "Mango.Message.AzureBus", "Mango.MessageBus\Mango.Message.AzureBus.csproj", "{A6497548-3D74-44E3-97BD-77F2AB94C517}"
EndProject
Project("{FAE04EC0-301F-11D3-BF4B-00C04F79EFBC}") = "Mango.Services.EmailAPI", "Mango.Services.EmailAPI\Mango.Services.EmailAPI.csproj", "{EFED6040-73FA-404F-8BAD-D7DE9AD1657D}"
EndProject
Project("{FAE04EC0-301F-11D3-BF4B-00C04F79EFBC}") = "Mango.Services.OrderAPI", "Mango.Services.OrderAPI\Mango.Services.OrderAPI.csproj", "{581F128F-3706-4CBF-B131-25131C5B8768}"
EndProject
Project("{FAE04EC0-301F-11D3-BF4B-00C04F79EFBC}") = "Mango.Services.PaymentAPI", "Mango.Services.PaymentAPI\Mango.Services.PaymentAPI.csproj", "{45CA98D7-F823-4911-A19A-4BA59E8198B4}"
EndProject
Project("{FAE04EC0-301F-11D3-BF4B-00C04F79EFBC}") = "Mango.Services.RewardAPI", "Mango.Services.RewardAPI\Mango.Services.RewardAPI.csproj", "{A0BD8065-EE27-4926-A4B0-66276652466B}"
EndProject
Project("{FAE04EC0-301F-11D3-BF4B-00C04F79EFBC}") = "Mango.GatewaySolution", "Mango.GatewaySolution\Mango.GatewaySolution.csproj", "{524F9B94-D80F-414D-AC01-27526E24B337}"
EndProject
Project("{FAE04EC0-301F-11D3-BF4B-00C04F79EFBC}") = "Mango.Message.RabbitMQ", "Mango.MessageRabbit\Mango.Message.RabbitMQ.csproj", "{AF8F56FF-98B3-4A3C-9D79-5536FBBA8A5F}"
EndProject
Project("{2150E333-8FDC-42A3-9474-1A3956D46DE8}") = "Cache", "Cache", "{02EA681E-C7D8-13C7-8484-4AC65E1B71E8}"
EndProject
Project("{FAE04EC0-301F-11D3-BF4B-00C04F79EFBC}") = "Mango.Cache", "Mango.Cache\Mango.Cache.csproj", "{7BE6E756-C6CC-4587-9C0D-BD442E41E34F}"
EndProject
Project("{2150E333-8FDC-42A3-9474-1A3956D46DE8}") = "Common", "Common", "{376CFDF0-769E-460C-A740-2706E1315E58}"
EndProject
Project("{FAE04EC0-301F-11D3-BF4B-00C04F79EFBC}") = "Mango.Common.Configuration", "Mango.Common.Configuration\Mango.Common.Configuration.csproj", "{68932B84-DBD5-4F34-BBAD-697A72E998C5}"
EndProject
Project("{FAE04EC0-301F-11D3-BF4B-00C04F79EFBC}") = "Mango.Common.Extensions", "Mango.Common.Extensions\Mango.Common.Extensions.csproj", "{B1234567-89AB-CDEF-0123-456789ABCDEF}"
EndProject
Global
	GlobalSection(SolutionConfigurationPlatforms) = preSolution
		Debug|Any CPU = Debug|Any CPU
		Release|Any CPU = Release|Any CPU
	EndGlobalSection
	GlobalSection(ProjectConfigurationPlatforms) = postSolution
		{A98647E1-658F-43F3-81DF-1440D05A4287}.Debug|Any CPU.ActiveCfg = Debug|Any CPU
		{A98647E1-658F-43F3-81DF-1440D05A4287}.Debug|Any CPU.Build.0 = Debug|Any CPU
		{A98647E1-658F-43F3-81DF-1440D05A4287}.Release|Any CPU.ActiveCfg = Release|Any CPU
		{A98647E1-658F-43F3-81DF-1440D05A4287}.Release|Any CPU.Build.0 = Release|Any CPU
		{C95259A6-780C-4246-90DD-A1FC8CEF1C5F}.Debug|Any CPU.ActiveCfg = Debug|Any CPU
		{C95259A6-780C-4246-90DD-A1FC8CEF1C5F}.Debug|Any CPU.Build.0 = Debug|Any CPU
		{C95259A6-780C-4246-90DD-A1FC8CEF1C5F}.Release|Any CPU.ActiveCfg = Release|Any CPU
		{C95259A6-780C-4246-90DD-A1FC8CEF1C5F}.Release|Any CPU.Build.0 = Release|Any CPU
		{66311159-5174-42A8-ACBA-C02EAC7CA4AF}.Debug|Any CPU.ActiveCfg = Debug|Any CPU
		{66311159-5174-42A8-ACBA-C02EAC7CA4AF}.Debug|Any CPU.Build.0 = Debug|Any CPU
		{66311159-5174-42A8-ACBA-C02EAC7CA4AF}.Release|Any CPU.ActiveCfg = Release|Any CPU
		{66311159-5174-42A8-ACBA-C02EAC7CA4AF}.Release|Any CPU.Build.0 = Release|Any CPU
		{0123A399-30E0-41DD-B651-D79A4ACEF8A2}.Debug|Any CPU.ActiveCfg = Debug|Any CPU
		{0123A399-30E0-41DD-B651-D79A4ACEF8A2}.Debug|Any CPU.Build.0 = Debug|Any CPU
		{0123A399-30E0-41DD-B651-D79A4ACEF8A2}.Release|Any CPU.ActiveCfg = Release|Any CPU
		{0123A399-30E0-41DD-B651-D79A4ACEF8A2}.Release|Any CPU.Build.0 = Release|Any CPU
		{A6497548-3D74-44E3-97BD-77F2AB94C517}.Debug|Any CPU.ActiveCfg = Debug|Any CPU
		{A6497548-3D74-44E3-97BD-77F2AB94C517}.Debug|Any CPU.Build.0 = Debug|Any CPU
		{A6497548-3D74-44E3-97BD-77F2AB94C517}.Release|Any CPU.ActiveCfg = Release|Any CPU
		{A6497548-3D74-44E3-97BD-77F2AB94C517}.Release|Any CPU.Build.0 = Release|Any CPU
		{EFED6040-73FA-404F-8BAD-D7DE9AD1657D}.Debug|Any CPU.ActiveCfg = Debug|Any CPU
		{EFED6040-73FA-404F-8BAD-D7DE9AD1657D}.Debug|Any CPU.Build.0 = Debug|Any CPU
		{EFED6040-73FA-404F-8BAD-D7DE9AD1657D}.Release|Any CPU.ActiveCfg = Release|Any CPU
		{EFED6040-73FA-404F-8BAD-D7DE9AD1657D}.Release|Any CPU.Build.0 = Release|Any CPU
		{581F128F-3706-4CBF-B131-25131C5B8768}.Debug|Any CPU.ActiveCfg = Debug|Any CPU
		{581F128F-3706-4CBF-B131-25131C5B8768}.Debug|Any CPU.Build.0 = Debug|Any CPU
		{581F128F-3706-4CBF-B131-25131C5B8768}.Release|Any CPU.ActiveCfg = Release|Any CPU
		{581F128F-3706-4CBF-B131-25131C5B8768}.Release|Any CPU.Build.0 = Release|Any CPU
		{45CA98D7-F823-4911-A19A-4BA59E8198B4}.Debug|Any CPU.ActiveCfg = Debug|Any CPU
		{45CA98D7-F823-4911-A19A-4BA59E8198B4}.Debug|Any CPU.Build.0 = Debug|Any CPU
		{45CA98D7-F823-4911-A19A-4BA59E8198B4}.Release|Any CPU.ActiveCfg = Release|Any CPU
		{45CA98D7-F823-4911-A19A-4BA59E8198B4}.Release|Any CPU.Build.0 = Release|Any CPU
		{A0BD8065-EE27-4926-A4B0-66276652466B}.Debug|Any CPU.ActiveCfg = Debug|Any CPU
		{A0BD8065-EE27-4926-A4B0-66276652466B}.Debug|Any CPU.Build.0 = Debug|Any CPU
		{A0BD8065-EE27-4926-A4B0-66276652466B}.Release|Any CPU.ActiveCfg = Release|Any CPU
		{A0BD8065-EE27-4926-A4B0-66276652466B}.Release|Any CPU.Build.0 = Release|Any CPU
		{524F9B94-D80F-414D-AC01-27526E24B337}.Debug|Any CPU.ActiveCfg = Debug|Any CPU
		{524F9B94-D80F-414D-AC01-27526E24B337}.Debug|Any CPU.Build.0 = Debug|Any CPU
		{524F9B94-D80F-414D-AC01-27526E24B337}.Release|Any CPU.ActiveCfg = Release|Any CPU
		{524F9B94-D80F-414D-AC01-27526E24B337}.Release|Any CPU.Build.0 = Release|Any CPU
		{AF8F56FF-98B3-4A3C-9D79-5536FBBA8A5F}.Debug|Any CPU.ActiveCfg = Debug|Any CPU
		{AF8F56FF-98B3-4A3C-9D79-5536FBBA8A5F}.Debug|Any CPU.Build.0 = Debug|Any CPU
		{AF8F56FF-98B3-4A3C-9D79-5536FBBA8A5F}.Release|Any CPU.ActiveCfg = Release|Any CPU
		{AF8F56FF-98B3-4A3C-9D79-5536FBBA8A5F}.Release|Any CPU.Build.0 = Release|Any CPU
		{7BE6E756-C6CC-4587-9C0D-BD442E41E34F}.Debug|Any CPU.ActiveCfg = Debug|Any CPU
		{7BE6E756-C6CC-4587-9C0D-BD442E41E34F}.Debug|Any CPU.Build.0 = Debug|Any CPU
		{7BE6E756-C6CC-4587-9C0D-BD442E41E34F}.Release|Any CPU.ActiveCfg = Release|Any CPU
		{7BE6E756-C6CC-4587-9C0D-BD442E41E34F}.Release|Any CPU.Build.0 = Release|Any CPU
		{68932B84-DBD5-4F34-BBAD-697A72E998C5}.Debug|Any CPU.ActiveCfg = Debug|Any CPU
		{68932B84-DBD5-4F34-BBAD-697A72E998C5}.Debug|Any CPU.Build.0 = Debug|Any CPU
		{68932B84-DBD5-4F34-BBAD-697A72E998C5}.Release|Any CPU.ActiveCfg = Release|Any CPU
		{68932B84-DBD5-4F34-BBAD-697A72E998C5}.Release|Any CPU.Build.0 = Release|Any CPU
		{B1234567-89AB-CDEF-0123-456789ABCDEF}.Debug|Any CPU.ActiveCfg = Debug|Any CPU
		{B1234567-89AB-CDEF-0123-456789ABCDEF}.Debug|Any CPU.Build.0 = Debug|Any CPU
		{B1234567-89AB-CDEF-0123-456789ABCDEF}.Release|Any CPU.ActiveCfg = Release|Any CPU
		{B1234567-89AB-CDEF-0123-456789ABCDEF}.Release|Any CPU.Build.0 = Release|Any CPU
	EndGlobalSection
	GlobalSection(SolutionProperties) = preSolution
		HideSolutionNode = FALSE
	EndGlobalSection
	GlobalSection(NestedProjects) = preSolution
		{A98647E1-658F-43F3-81DF-1440D05A4287} = {CB446569-D1B5-48E6-8179-4F23445AC91A}
		{C95259A6-780C-4246-90DD-A1FC8CEF1C5F} = {CB446569-D1B5-48E6-8179-4F23445AC91A}
		{66311159-5174-42A8-ACBA-C02EAC7CA4AF} = {CB446569-D1B5-48E6-8179-4F23445AC91A}
		{0123A399-30E0-41DD-B651-D79A4ACEF8A2} = {CB446569-D1B5-48E6-8179-4F23445AC91A}
		{A6497548-3D74-44E3-97BD-77F2AB94C517} = {CF161ECA-D413-4063-A9E5-99188EEC9E8C}
		{EFED6040-73FA-404F-8BAD-D7DE9AD1657D} = {CB446569-D1B5-48E6-8179-4F23445AC91A}
		{581F128F-3706-4CBF-B131-25131C5B8768} = {CB446569-D1B5-48E6-8179-4F23445AC91A}
		{45CA98D7-F823-4911-A19A-4BA59E8198B4} = {CB446569-D1B5-48E6-8179-4F23445AC91A}
		{A0BD8065-EE27-4926-A4B0-66276652466B} = {CB446569-D1B5-48E6-8179-4F23445AC91A}
		{524F9B94-D80F-414D-AC01-27526E24B337} = {4932C7E4-3EAF-451E-9485-914B3F6FAB56}
		{AF8F56FF-98B3-4A3C-9D79-5536FBBA8A5F} = {CF161ECA-D413-4063-A9E5-99188EEC9E8C}
		{7BE6E756-C6CC-4587-9C0D-BD442E41E34F} = {02EA681E-C7D8-13C7-8484-4AC65E1B71E8}
		{68932B84-DBD5-4F34-BBAD-697A72E998C5} = {376CFDF0-769E-460C-A740-2706E1315E58}
		{B1234567-89AB-CDEF-0123-456789ABCDEF} = {376CFDF0-769E-460C-A740-2706E1315E58}
	EndGlobalSection
	GlobalSection(ExtensibilityGlobals) = postSolution
		SolutionGuid = {39045C7B-1464-45FE-865D-4A8BD935E9C7}
	EndGlobalSection
EndGlobal
